
Microsoft Visual Studio Solution File, Format Version 12.00
# Visual Studio Version 16
VisualStudioVersion = 16.0.30128.74
MinimumVisualStudioVersion = 10.0.40219.1
Project("{9A19103F-16F7-4668-BE54-9A1E7A4F7556}") = "ChaCha20.NetCore.Example", "ChaCha20.NetCore.Example\ChaCha20.NetCore.Example.csproj", "{8808E626-1626-46B3-99BB-53ED6F3F4A80}"
EndProject
Project("{FAE04EC0-301F-11D3-BF4B-00C04F79EFBC}") = "ChaCha20.NetCore", "ChaCha20.NetCore\ChaCha20.NetCore.csproj", "{B1BB0425-A8C6-4247-BAE2-BC82DFAB35E2}"
EndProject
Project("{FAE04EC0-301F-11D3-BF4B-00C04F79EFBC}") = "ChaCha20.NetCore.Tests", "ChaCha20.NetCore.Tests\ChaCha20.NetCore.Tests.csproj", "{63A876A6-01F5-4055-9781-FA14F9189C14}"
EndProject
Global
	GlobalSection(SolutionConfigurationPlatforms) = preSolution
		Debug|Any CPU = Debug|Any CPU
		Release|Any CPU = Release|Any CPU
	EndGlobalSection
	GlobalSection(ProjectConfigurationPlatforms) = postSolution
		{8808E626-1626-46B3-99BB-53ED6F3F4A80}.Debug|Any CPU.ActiveCfg = Debug|Any CPU
		{8808E626-1626-46B3-99BB-53ED6F3F4A80}.Debug|Any CPU.Build.0 = Debug|Any CPU
		{8808E626-1626-46B3-99BB-53ED6F3F4A80}.Release|Any CPU.ActiveCfg = Release|Any CPU
		{8808E626-1626-46B3-99BB-53ED6F3F4A80}.Release|Any CPU.Build.0 = Release|Any CPU
		{B1BB0425-A8C6-4247-BAE2-BC82DFAB35E2}.Debug|Any CPU.ActiveCfg = Debug|Any CPU
		{B1BB0425-A8C6-4247-BAE2-BC82DFAB35E2}.Debug|Any CPU.Build.0 = Debug|Any CPU
		{B1BB0425-A8C6-4247-BAE2-BC82DFAB35E2}.Release|Any CPU.ActiveCfg = Release|Any CPU
		{B1BB0425-A8C6-4247-BAE2-BC82DFAB35E2}.Release|Any CPU.Build.0 = Release|Any CPU
		{63A876A6-01F5-4055-9781-FA14F9189C14}.Debug|Any CPU.ActiveCfg = Debug|Any CPU
		{63A876A6-01F5-4055-9781-FA14F9189C14}.Debug|Any CPU.Build.0 = Debug|Any CPU
		{63A876A6-01F5-4055-9781-FA14F9189C14}.Release|Any CPU.ActiveCfg = Release|Any CPU
		{63A876A6-01F5-4055-9781-FA14F9189C14}.Release|Any CPU.Build.0 = Release|Any CPU
	EndGlobalSection
	GlobalSection(SolutionProperties) = preSolution
		HideSolutionNode = FALSE
	EndGlobalSection
	GlobalSection(ExtensibilityGlobals) = postSolution
		SolutionGuid = {CCC17E89-6EC0-43D3-B311-9635ABD6C7F0}
	EndGlobalSection
EndGlobal
